// !$*UTF8*$!
{
	archiveVersion = 1;
	classes = {
	};
	objectVersion = 46;
	objects = {

/* Begin PBXBuildFile section */
		4C3FFADA1EC69BD70099DA97 /* Param.plist in Resources */ = {isa = PBXBuildFile; fileRef = 4C3FFAD91EC69BD70099DA97 /* Param.plist */; };
		4C3FFADC1EC69C2D0099DA97 /* BYDSFCManager.m in Sources */ = {isa = PBXBuildFile; fileRef = 4C3FFADB1EC69C2D0099DA97 /* BYDSFCManager.m */; };
		4C6F3F961EBD822B002C747E /* StationControlWindow.m in Sources */ = {isa = PBXBuildFile; fileRef = 4C6F3F941EBD822B002C747E /* StationControlWindow.m */; };
		4C6F3F971EBD822B002C747E /* StationControlWindow.xib in Resources */ = {isa = PBXBuildFile; fileRef = 4C6F3F951EBD822B002C747E /* StationControlWindow.xib */; };
		4C6F3FB61EBDB417002C747E /* LoginWindow.m in Sources */ = {isa = PBXBuildFile; fileRef = 4C6F3FB41EBDB417002C747E /* LoginWindow.m */; };
		4C6F3FB71EBDB417002C747E /* LoginWindow.xib in Resources */ = {isa = PBXBuildFile; fileRef = 4C6F3FB51EBDB417002C747E /* LoginWindow.xib */; };
		4C6F3FB91EBDB63D002C747E /* UserLogin.plist in Resources */ = {isa = PBXBuildFile; fileRef = 4C6F3FB81EBDB63D002C747E /* UserLogin.plist */; };
		4C82EE2D1EB04D4B00BAA7A3 /* SerialPort.m in Sources */ = {isa = PBXBuildFile; fileRef = 4C82EE261EB04D4B00BAA7A3 /* SerialPort.m */; };
		4C82EE2E1EB04D4B00BAA7A3 /* SerialPort.xib in Resources */ = {isa = PBXBuildFile; fileRef = 4C82EE271EB04D4B00BAA7A3 /* SerialPort.xib */; };
		4C82EE2F1EB04D4B00BAA7A3 /* SerialPortDelegate.m in Sources */ = {isa = PBXBuildFile; fileRef = 4C82EE291EB04D4B00BAA7A3 /* SerialPortDelegate.m */; };
		4C82EE301EB04D4B00BAA7A3 /* SerialPortList.m in Sources */ = {isa = PBXBuildFile; fileRef = 4C82EE2B1EB04D4B00BAA7A3 /* SerialPortList.m */; };
		4C82EE3B1EB04D5A00BAA7A3 /* CPACSocket.mm in Sources */ = {isa = PBXBuildFile; fileRef = 4C82EE331EB04D5A00BAA7A3 /* CPACSocket.mm */; settings = {COMPILER_FLAGS = "-fno-objc-arc"; }; };
		4C82EE3C1EB04D5A00BAA7A3 /* GCDAsyncSocket.m in Sources */ = {isa = PBXBuildFile; fileRef = 4C82EE351EB04D5A00BAA7A3 /* GCDAsyncSocket.m */; settings = {COMPILER_FLAGS = "-fno-objc-arc"; }; };
		4C82EE3D1EB04D5A00BAA7A3 /* PACSocketDebug.xib in Resources */ = {isa = PBXBuildFile; fileRef = 4C82EE361EB04D5A00BAA7A3 /* PACSocketDebug.xib */; };
		4C82EE3E1EB04D5A00BAA7A3 /* PACSocketDebugWinDelegate.mm in Sources */ = {isa = PBXBuildFile; fileRef = 4C82EE381EB04D5A00BAA7A3 /* PACSocketDebugWinDelegate.mm */; settings = {COMPILER_FLAGS = "-fno-objc-arc"; }; };
		4C82EE3F1EB04D5A00BAA7A3 /* TCPClient.mm in Sources */ = {isa = PBXBuildFile; fileRef = 4C82EE3A1EB04D5A00BAA7A3 /* TCPClient.mm */; settings = {COMPILER_FLAGS = "-fno-objc-arc"; }; };
		4C9EE7B81EADE57000B9089E /* AppDelegate.m in Sources */ = {isa = PBXBuildFile; fileRef = 4C9EE7B71EADE57000B9089E /* AppDelegate.m */; };
		4C9EE7BB1EADE57000B9089E /* main.m in Sources */ = {isa = PBXBuildFile; fileRef = 4C9EE7BA1EADE57000B9089E /* main.m */; };
		4C9EE7C01EADE57100B9089E /* Assets.xcassets in Resources */ = {isa = PBXBuildFile; fileRef = 4C9EE7BF1EADE57100B9089E /* Assets.xcassets */; };
		4C9EE7CE1EADE57100B9089E /* Emerald_MeasureTests.m in Sources */ = {isa = PBXBuildFile; fileRef = 4C9EE7CD1EADE57100B9089E /* Emerald_MeasureTests.m */; };
		4C9EE7D91EADE57100B9089E /* Emerald_MeasureUITests.m in Sources */ = {isa = PBXBuildFile; fileRef = 4C9EE7D81EADE57100B9089E /* Emerald_MeasureUITests.m */; };
		4C9EE81C1EADE69400B9089E /* Alert.m in Sources */ = {isa = PBXBuildFile; fileRef = 4C9EE7F11EADE69400B9089E /* Alert.m */; };
		4C9EE81D1EADE69400B9089E /* README.rtf in Resources */ = {isa = PBXBuildFile; fileRef = 4C9EE7F31EADE69400B9089E /* README.rtf */; };
		4C9EE81E1EADE69400B9089E /* MK_FileCSV.m in Sources */ = {isa = PBXBuildFile; fileRef = 4C9EE7F71EADE69400B9089E /* MK_FileCSV.m */; };
		4C9EE81F1EADE69400B9089E /* MK_FileFolder.m in Sources */ = {isa = PBXBuildFile; fileRef = 4C9EE7F91EADE69400B9089E /* MK_FileFolder.m */; };
		4C9EE8201EADE69400B9089E /* MK_FileTXT.m in Sources */ = {isa = PBXBuildFile; fileRef = 4C9EE7FB1EADE69400B9089E /* MK_FileTXT.m */; };
		4C9EE8211EADE69400B9089E /* README.rtf in Resources */ = {isa = PBXBuildFile; fileRef = 4C9EE7FC1EADE69400B9089E /* README.rtf */; };
		4C9EE8221EADE69400B9089E /* Item.m in Sources */ = {isa = PBXBuildFile; fileRef = 4C9EE7FF1EADE69400B9089E /* Item.m */; };
		4C9EE8241EADE69400B9089E /* Plist.m in Sources */ = {isa = PBXBuildFile; fileRef = 4C9EE8031EADE69400B9089E /* Plist.m */; };
		4C9EE8251EADE69400B9089E /* README.rtf in Resources */ = {isa = PBXBuildFile; fileRef = 4C9EE8041EADE69400B9089E /* README.rtf */; };
		4C9EE8261EADE69400B9089E /* Table.m in Sources */ = {isa = PBXBuildFile; fileRef = 4C9EE8061EADE69400B9089E /* Table.m */; };
		4C9EE8271EADE69400B9089E /* Table.xib in Resources */ = {isa = PBXBuildFile; fileRef = 4C9EE8071EADE69400B9089E /* Table.xib */; };
		4C9EE8291EADE69400B9089E /* GetTimeDay.m in Sources */ = {isa = PBXBuildFile; fileRef = 4C9EE80B1EADE69400B9089E /* GetTimeDay.m */; };
		4C9EE82A1EADE69400B9089E /* HiperTimer.m in Sources */ = {isa = PBXBuildFile; fileRef = 4C9EE80D1EADE69400B9089E /* HiperTimer.m */; };
		4C9EE82B1EADE69400B9089E /* MKCountDownTimer.m in Sources */ = {isa = PBXBuildFile; fileRef = 4C9EE8101EADE69400B9089E /* MKCountDownTimer.m */; };
		4C9EE82C1EADE69400B9089E /* MKTimer.m in Sources */ = {isa = PBXBuildFile; fileRef = 4C9EE8121EADE69400B9089E /* MKTimer.m */; };
		4C9EE82D1EADE69400B9089E /* README.rtf in Resources */ = {isa = PBXBuildFile; fileRef = 4C9EE8131EADE69400B9089E /* README.rtf */; };
		4C9EE82E1EADE69400B9089E /* VISA.framework in Frameworks */ = {isa = PBXBuildFile; fileRef = 4C9EE8151EADE69400B9089E /* VISA.framework */; };
		4C9EE8381EADE79000B9089E /* libCBAuth.dylib in Frameworks */ = {isa = PBXBuildFile; fileRef = 4C9EE8331EADE79000B9089E /* libCBAuth.dylib */; };
		4C9EE8391EADE79000B9089E /* libInstantPudding.dylib in Frameworks */ = {isa = PBXBuildFile; fileRef = 4C9EE8341EADE79000B9089E /* libInstantPudding.dylib */; };
		4C9EE83A1EADE79000B9089E /* libIPSFCPost.dylib in Frameworks */ = {isa = PBXBuildFile; fileRef = 4C9EE8351EADE79000B9089E /* libIPSFCPost.dylib */; };
		4C9EE83B1EADE79000B9089E /* PDCA.m in Sources */ = {isa = PBXBuildFile; fileRef = 4C9EE8371EADE79000B9089E /* PDCA.m */; };
		4C9EE8451EADEE3C00B9089E /* Main.storyboard in Resources */ = {isa = PBXBuildFile; fileRef = 4C9EE8431EADEE3C00B9089E /* Main.storyboard */; };
		4C9EE8481EADEE4A00B9089E /* ViewController.m in Sources */ = {isa = PBXBuildFile; fileRef = 4C9EE8471EADEE4A00B9089E /* ViewController.m */; };
		4C9EE84C1EAE020C00B9089E /* Logo.jpg in Resources */ = {isa = PBXBuildFile; fileRef = 4C9EE84B1EAE020C00B9089E /* Logo.jpg */; };
		4CF7718D1EBF5DFF0065384C /* Station_0.plist in Resources */ = {isa = PBXBuildFile; fileRef = 4CF771891EBF5DFF0065384C /* Station_0.plist */; };
		4CF7718E1EBF5DFF0065384C /* Station_1.plist in Resources */ = {isa = PBXBuildFile; fileRef = 4CF7718A1EBF5DFF0065384C /* Station_1.plist */; };
		4CF7718F1EBF5DFF0065384C /* Station_2.plist in Resources */ = {isa = PBXBuildFile; fileRef = 4CF7718B1EBF5DFF0065384C /* Station_2.plist */; };
		4CF771901EBF5DFF0065384C /* Station_3.plist in Resources */ = {isa = PBXBuildFile; fileRef = 4CF7718C1EBF5DFF0065384C /* Station_3.plist */; };
		4CFEFB4E1EBF08ED00353ABF /* AgilentDevice.m in Sources */ = {isa = PBXBuildFile; fileRef = 4CFEFB4D1EBF08ED00353ABF /* AgilentDevice.m */; };
		4CFEFB601EBF0B0700353ABF /* FTDI_COM.c in Sources */ = {isa = PBXBuildFile; fileRef = 4CFEFB511EBF0B0700353ABF /* FTDI_COM.c */; };
		4CFEFB611EBF0B0700353ABF /* FTDI_SPI.c in Sources */ = {isa = PBXBuildFile; fileRef = 4CFEFB531EBF0B0700353ABF /* FTDI_SPI.c */; };
		4CFEFB621EBF0B0700353ABF /* FTDI_UART.c in Sources */ = {isa = PBXBuildFile; fileRef = 4CFEFB551EBF0B0700353ABF /* FTDI_UART.c */; };
		4CFEFB631EBF0B0700353ABF /* FTSPI.m in Sources */ = {isa = PBXBuildFile; fileRef = 4CFEFB581EBF0B0700353ABF /* FTSPI.m */; };
		4CFEFB641EBF0B0700353ABF /* FTUART.m in Sources */ = {isa = PBXBuildFile; fileRef = 4CFEFB5A1EBF0B0700353ABF /* FTUART.m */; };
		4CFEFB651EBF0B0700353ABF /* libftd2xx.1.2.2.dylib in Frameworks */ = {isa = PBXBuildFile; fileRef = 4CFEFB5B1EBF0B0700353ABF /* libftd2xx.1.2.2.dylib */; };
		4CFEFB661EBF0B0700353ABF /* main.c in Sources */ = {isa = PBXBuildFile; fileRef = 4CFEFB5C1EBF0B0700353ABF /* main.c */; };
		4CFEFB671EBF0B0700353ABF /* SPI_Test.m in Sources */ = {isa = PBXBuildFile; fileRef = 4CFEFB5E1EBF0B0700353ABF /* SPI_Test.m */; };
		4CFEFB6F1EBF0C4000353ABF /* TypeConverter.m in Sources */ = {isa = PBXBuildFile; fileRef = 4CFEFB6E1EBF0C4000353ABF /* TypeConverter.m */; };
		4CFEFB731EBF0C4900353ABF /* IACSFC.m in Sources */ = {isa = PBXBuildFile; fileRef = 4CFEFB721EBF0C4900353ABF /* IACSFC.m */; };
		4CFEFB781EBF0E7100353ABF /* TestContext.mm in Sources */ = {isa = PBXBuildFile; fileRef = 4CFEFB771EBF0E7100353ABF /* TestContext.mm */; settings = {COMPILER_FLAGS = "-fno-objc-arc"; }; };
		4CFEFB7A1EBF151600353ABF /* GPIBDevice.framework in Frameworks */ = {isa = PBXBuildFile; fileRef = 4CFEFB791EBF151600353ABF /* GPIBDevice.framework */; };
		4CFEFB841EBF1BEF00353ABF /* AlertView.m in Sources */ = {isa = PBXBuildFile; fileRef = 4CFEFB7E1EBF1BEF00353ABF /* AlertView.m */; };
		4CFEFB851EBF1BEF00353ABF /* AlertWindowController.m in Sources */ = {isa = PBXBuildFile; fileRef = 4CFEFB801EBF1BEF00353ABF /* AlertWindowController.m */; };
		4CFEFB861EBF1BEF00353ABF /* AlertWindowController.xib in Resources */ = {isa = PBXBuildFile; fileRef = 4CFEFB811EBF1BEF00353ABF /* AlertWindowController.xib */; };
		4CFEFB871EBF1BEF00353ABF /* AlertYongping.m in Sources */ = {isa = PBXBuildFile; fileRef = 4CFEFB831EBF1BEF00353ABF /* AlertYongping.m */; };
		C67112B61EC4EADC006975BF /* Agilent3458A.m in Sources */ = {isa = PBXBuildFile; fileRef = C67112B51EC4EADC006975BF /* Agilent3458A.m */; };
		C67112B91EC50B1C006975BF /* Param.m in Sources */ = {isa = PBXBuildFile; fileRef = C67112B81EC50B1C006975BF /* Param.m */; };
		C67112BC1EC534E5006975BF /* Agilent33210A.m in Sources */ = {isa = PBXBuildFile; fileRef = C67112BB1EC534E5006975BF /* Agilent33210A.m */; };
		C6C611941EC0CC0200E0099D /* KeithleyDevice.m in Sources */ = {isa = PBXBuildFile; fileRef = C6C611921EC0CC0200E0099D /* KeithleyDevice.m */; };
		C6C611A21EC0ED5000E0099D /* BYDSFCUnit.m in Sources */ = {isa = PBXBuildFile; fileRef = C6C6119E1EC0ED5000E0099D /* BYDSFCUnit.m */; };
		C6C611A31EC0ED5000E0099D /* TestStep.m in Sources */ = {isa = PBXBuildFile; fileRef = C6C611A01EC0ED5000E0099D /* TestStep.m */; settings = {COMPILER_FLAGS = "-fno-objc-arc"; }; };
		C6C611A61EC0EFE500E0099D /* pudding.mm in Sources */ = {isa = PBXBuildFile; fileRef = C6C611A41EC0EFE500E0099D /* pudding.mm */; settings = {COMPILER_FLAGS = "-fno-objc-arc"; }; };
		C6C611AC1EC0F1A300E0099D /* PlistFile.m in Sources */ = {isa = PBXBuildFile; fileRef = C6C611AB1EC0F1A300E0099D /* PlistFile.m */; };
		C6C611AF1EC0F20B00E0099D /* TimeDate.m in Sources */ = {isa = PBXBuildFile; fileRef = C6C611AE1EC0F20B00E0099D /* TimeDate.m */; };
/* End PBXBuildFile section */

/* Begin PBXContainerItemProxy section */
		4C9EE7CA1EADE57100B9089E /* PBXContainerItemProxy */ = {
			isa = PBXContainerItemProxy;
			containerPortal = 4C9EE7AB1EADE57000B9089E /* Project object */;
			proxyType = 1;
			remoteGlobalIDString = 4C9EE7B21EADE57000B9089E;
			remoteInfo = Emerald_Measure;
		};
		4C9EE7D51EADE57100B9089E /* PBXContainerItemProxy */ = {
			isa = PBXContainerItemProxy;
			containerPortal = 4C9EE7AB1EADE57000B9089E /* Project object */;
			proxyType = 1;
			remoteGlobalIDString = 4C9EE7B21EADE57000B9089E;
			remoteInfo = Emerald_Measure;
		};
/* End PBXContainerItemProxy section */

/* Begin PBXFileReference section */
		4C3FFAD91EC69BD70099DA97 /* Param.plist */ = {isa = PBXFileReference; fileEncoding = 4; lastKnownFileType = text.plist.xml; name = Param.plist; path = MK_Table/Param.plist; sourceTree = "<group>"; };
		4C3FFADB1EC69C2D0099DA97 /* BYDSFCManager.m */ = {isa = PBXFileReference; fileEncoding = 4; lastKnownFileType = sourcecode.c.objc; path = BYDSFCManager.m; sourceTree = "<group>"; };
		4C3FFADD1EC69C590099DA97 /* BYDSFCManager.h */ = {isa = PBXFileReference; lastKnownFileType = sourcecode.c.h; path = BYDSFCManager.h; sourceTree = "<group>"; };
		4C6F3F911EBC0D5D002C747E /* SerialPortPCH.pch */ = {isa = PBXFileReference; lastKnownFileType = sourcecode.c.h; path = SerialPortPCH.pch; sourceTree = "<group>"; };
		4C6F3F931EBD822B002C747E /* StationControlWindow.h */ = {isa = PBXFileReference; fileEncoding = 4; lastKnownFileType = sourcecode.c.h; path = StationControlWindow.h; sourceTree = "<group>"; };
		4C6F3F941EBD822B002C747E /* StationControlWindow.m */ = {isa = PBXFileReference; fileEncoding = 4; lastKnownFileType = sourcecode.c.objc; path = StationControlWindow.m; sourceTree = "<group>"; };
		4C6F3F951EBD822B002C747E /* StationControlWindow.xib */ = {isa = PBXFileReference; fileEncoding = 4; lastKnownFileType = file.xib; path = StationControlWindow.xib; sourceTree = "<group>"; };
		4C6F3FB31EBDB417002C747E /* LoginWindow.h */ = {isa = PBXFileReference; fileEncoding = 4; lastKnownFileType = sourcecode.c.h; path = LoginWindow.h; sourceTree = "<group>"; };
		4C6F3FB41EBDB417002C747E /* LoginWindow.m */ = {isa = PBXFileReference; fileEncoding = 4; lastKnownFileType = sourcecode.c.objc; path = LoginWindow.m; sourceTree = "<group>"; };
		4C6F3FB51EBDB417002C747E /* LoginWindow.xib */ = {isa = PBXFileReference; fileEncoding = 4; lastKnownFileType = file.xib; path = LoginWindow.xib; sourceTree = "<group>"; };
		4C6F3FB81EBDB63D002C747E /* UserLogin.plist */ = {isa = PBXFileReference; fileEncoding = 4; lastKnownFileType = text.plist.xml; path = UserLogin.plist; sourceTree = "<group>"; };
		4C82EE251EB04D4B00BAA7A3 /* SerialPort.h */ = {isa = PBXFileReference; fileEncoding = 4; lastKnownFileType = sourcecode.c.h; path = SerialPort.h; sourceTree = "<group>"; };
		4C82EE261EB04D4B00BAA7A3 /* SerialPort.m */ = {isa = PBXFileReference; fileEncoding = 4; lastKnownFileType = sourcecode.c.objc; path = SerialPort.m; sourceTree = "<group>"; };
		4C82EE271EB04D4B00BAA7A3 /* SerialPort.xib */ = {isa = PBXFileReference; fileEncoding = 4; lastKnownFileType = file.xib; path = SerialPort.xib; sourceTree = "<group>"; };
		4C82EE281EB04D4B00BAA7A3 /* SerialPortDelegate.h */ = {isa = PBXFileReference; fileEncoding = 4; lastKnownFileType = sourcecode.c.h; path = SerialPortDelegate.h; sourceTree = "<group>"; };
		4C82EE291EB04D4B00BAA7A3 /* SerialPortDelegate.m */ = {isa = PBXFileReference; fileEncoding = 4; lastKnownFileType = sourcecode.c.objc; path = SerialPortDelegate.m; sourceTree = "<group>"; };
		4C82EE2A1EB04D4B00BAA7A3 /* SerialPortList.h */ = {isa = PBXFileReference; fileEncoding = 4; lastKnownFileType = sourcecode.c.h; path = SerialPortList.h; sourceTree = "<group>"; };
		4C82EE2B1EB04D4B00BAA7A3 /* SerialPortList.m */ = {isa = PBXFileReference; fileEncoding = 4; lastKnownFileType = sourcecode.c.objc; path = SerialPortList.m; sourceTree = "<group>"; };
		4C82EE321EB04D5A00BAA7A3 /* CPACSocket.h */ = {isa = PBXFileReference; fileEncoding = 4; lastKnownFileType = sourcecode.c.h; path = CPACSocket.h; sourceTree = "<group>"; };
		4C82EE331EB04D5A00BAA7A3 /* CPACSocket.mm */ = {isa = PBXFileReference; fileEncoding = 4; lastKnownFileType = sourcecode.cpp.objcpp; path = CPACSocket.mm; sourceTree = "<group>"; };
		4C82EE341EB04D5A00BAA7A3 /* GCDAsyncSocket.h */ = {isa = PBXFileReference; fileEncoding = 4; lastKnownFileType = sourcecode.c.h; path = GCDAsyncSocket.h; sourceTree = "<group>"; };
		4C82EE351EB04D5A00BAA7A3 /* GCDAsyncSocket.m */ = {isa = PBXFileReference; fileEncoding = 4; lastKnownFileType = sourcecode.c.objc; path = GCDAsyncSocket.m; sourceTree = "<group>"; };
		4C82EE361EB04D5A00BAA7A3 /* PACSocketDebug.xib */ = {isa = PBXFileReference; fileEncoding = 4; lastKnownFileType = file.xib; path = PACSocketDebug.xib; sourceTree = "<group>"; };
		4C82EE371EB04D5A00BAA7A3 /* PACSocketDebugWinDelegate.h */ = {isa = PBXFileReference; fileEncoding = 4; lastKnownFileType = sourcecode.c.h; path = PACSocketDebugWinDelegate.h; sourceTree = "<group>"; };
		4C82EE381EB04D5A00BAA7A3 /* PACSocketDebugWinDelegate.mm */ = {isa = PBXFileReference; fileEncoding = 4; lastKnownFileType = sourcecode.cpp.objcpp; path = PACSocketDebugWinDelegate.mm; sourceTree = "<group>"; };
		4C82EE391EB04D5A00BAA7A3 /* TCPClient.h */ = {isa = PBXFileReference; fileEncoding = 4; lastKnownFileType = sourcecode.c.h; path = TCPClient.h; sourceTree = "<group>"; };
		4C82EE3A1EB04D5A00BAA7A3 /* TCPClient.mm */ = {isa = PBXFileReference; fileEncoding = 4; lastKnownFileType = sourcecode.cpp.objcpp; path = TCPClient.mm; sourceTree = "<group>"; };
		4C9EE7B31EADE57000B9089E /* Emerald_Measure.app */ = {isa = PBXFileReference; explicitFileType = wrapper.application; includeInIndex = 0; path = Emerald_Measure.app; sourceTree = BUILT_PRODUCTS_DIR; };
		4C9EE7B61EADE57000B9089E /* AppDelegate.h */ = {isa = PBXFileReference; lastKnownFileType = sourcecode.c.h; path = AppDelegate.h; sourceTree = "<group>"; };
		4C9EE7B71EADE57000B9089E /* AppDelegate.m */ = {isa = PBXFileReference; lastKnownFileType = sourcecode.c.objc; path = AppDelegate.m; sourceTree = "<group>"; };
		4C9EE7BA1EADE57000B9089E /* main.m */ = {isa = PBXFileReference; lastKnownFileType = sourcecode.c.objc; path = main.m; sourceTree = "<group>"; };
		4C9EE7BF1EADE57100B9089E /* Assets.xcassets */ = {isa = PBXFileReference; lastKnownFileType = folder.assetcatalog; path = Assets.xcassets; sourceTree = "<group>"; };
		4C9EE7C41EADE57100B9089E /* Info.plist */ = {isa = PBXFileReference; lastKnownFileType = text.plist.xml; path = Info.plist; sourceTree = "<group>"; };
		4C9EE7C91EADE57100B9089E /* Emerald_MeasureTests.xctest */ = {isa = PBXFileReference; explicitFileType = wrapper.cfbundle; includeInIndex = 0; path = Emerald_MeasureTests.xctest; sourceTree = BUILT_PRODUCTS_DIR; };
		4C9EE7CD1EADE57100B9089E /* Emerald_MeasureTests.m */ = {isa = PBXFileReference; lastKnownFileType = sourcecode.c.objc; path = Emerald_MeasureTests.m; sourceTree = "<group>"; };
		4C9EE7CF1EADE57100B9089E /* Info.plist */ = {isa = PBXFileReference; lastKnownFileType = text.plist.xml; path = Info.plist; sourceTree = "<group>"; };
		4C9EE7D41EADE57100B9089E /* Emerald_MeasureUITests.xctest */ = {isa = PBXFileReference; explicitFileType = wrapper.cfbundle; includeInIndex = 0; path = Emerald_MeasureUITests.xctest; sourceTree = BUILT_PRODUCTS_DIR; };
		4C9EE7D81EADE57100B9089E /* Emerald_MeasureUITests.m */ = {isa = PBXFileReference; lastKnownFileType = sourcecode.c.objc; path = Emerald_MeasureUITests.m; sourceTree = "<group>"; };
		4C9EE7DA1EADE57100B9089E /* Info.plist */ = {isa = PBXFileReference; lastKnownFileType = text.plist.xml; path = Info.plist; sourceTree = "<group>"; };
		4C9EE7F01EADE69400B9089E /* Alert.h */ = {isa = PBXFileReference; fileEncoding = 4; lastKnownFileType = sourcecode.c.h; path = Alert.h; sourceTree = "<group>"; };
		4C9EE7F11EADE69400B9089E /* Alert.m */ = {isa = PBXFileReference; fileEncoding = 4; lastKnownFileType = sourcecode.c.objc; path = Alert.m; sourceTree = "<group>"; };
		4C9EE7F21EADE69400B9089E /* MK_Alert.pch */ = {isa = PBXFileReference; fileEncoding = 4; lastKnownFileType = sourcecode.c.h; path = MK_Alert.pch; sourceTree = "<group>"; };
		4C9EE7F31EADE69400B9089E /* README.rtf */ = {isa = PBXFileReference; fileEncoding = 4; lastKnownFileType = text.rtf; path = README.rtf; sourceTree = "<group>"; };
		4C9EE7F51EADE69400B9089E /* MK_File.pch */ = {isa = PBXFileReference; fileEncoding = 4; lastKnownFileType = sourcecode.c.h; path = MK_File.pch; sourceTree = "<group>"; };
		4C9EE7F61EADE69400B9089E /* MK_FileCSV.h */ = {isa = PBXFileReference; fileEncoding = 4; lastKnownFileType = sourcecode.c.h; path = MK_FileCSV.h; sourceTree = "<group>"; };
		4C9EE7F71EADE69400B9089E /* MK_FileCSV.m */ = {isa = PBXFileReference; fileEncoding = 4; lastKnownFileType = sourcecode.c.objc; path = MK_FileCSV.m; sourceTree = "<group>"; };
		4C9EE7F81EADE69400B9089E /* MK_FileFolder.h */ = {isa = PBXFileReference; fileEncoding = 4; lastKnownFileType = sourcecode.c.h; path = MK_FileFolder.h; sourceTree = "<group>"; };
		4C9EE7F91EADE69400B9089E /* MK_FileFolder.m */ = {isa = PBXFileReference; fileEncoding = 4; lastKnownFileType = sourcecode.c.objc; path = MK_FileFolder.m; sourceTree = "<group>"; };
		4C9EE7FA1EADE69400B9089E /* MK_FileTXT.h */ = {isa = PBXFileReference; fileEncoding = 4; lastKnownFileType = sourcecode.c.h; path = MK_FileTXT.h; sourceTree = "<group>"; };
		4C9EE7FB1EADE69400B9089E /* MK_FileTXT.m */ = {isa = PBXFileReference; fileEncoding = 4; lastKnownFileType = sourcecode.c.objc; path = MK_FileTXT.m; sourceTree = "<group>"; };
		4C9EE7FC1EADE69400B9089E /* README.rtf */ = {isa = PBXFileReference; fileEncoding = 4; lastKnownFileType = text.rtf; path = README.rtf; sourceTree = "<group>"; };
		4C9EE7FE1EADE69400B9089E /* Item.h */ = {isa = PBXFileReference; fileEncoding = 4; lastKnownFileType = sourcecode.c.h; path = Item.h; sourceTree = "<group>"; };
		4C9EE7FF1EADE69400B9089E /* Item.m */ = {isa = PBXFileReference; fileEncoding = 4; lastKnownFileType = sourcecode.c.objc; path = Item.m; sourceTree = "<group>"; };
		4C9EE8001EADE69400B9089E /* MK_Table.pch */ = {isa = PBXFileReference; fileEncoding = 4; lastKnownFileType = sourcecode.c.h; path = MK_Table.pch; sourceTree = "<group>"; };
		4C9EE8021EADE69400B9089E /* Plist.h */ = {isa = PBXFileReference; fileEncoding = 4; lastKnownFileType = sourcecode.c.h; path = Plist.h; sourceTree = "<group>"; };
		4C9EE8031EADE69400B9089E /* Plist.m */ = {isa = PBXFileReference; fileEncoding = 4; lastKnownFileType = sourcecode.c.objc; path = Plist.m; sourceTree = "<group>"; };
		4C9EE8041EADE69400B9089E /* README.rtf */ = {isa = PBXFileReference; fileEncoding = 4; lastKnownFileType = text.rtf; path = README.rtf; sourceTree = "<group>"; };
		4C9EE8051EADE69400B9089E /* Table.h */ = {isa = PBXFileReference; fileEncoding = 4; lastKnownFileType = sourcecode.c.h; path = Table.h; sourceTree = "<group>"; };
		4C9EE8061EADE69400B9089E /* Table.m */ = {isa = PBXFileReference; fileEncoding = 4; lastKnownFileType = sourcecode.c.objc; path = Table.m; sourceTree = "<group>"; };
		4C9EE8071EADE69400B9089E /* Table.xib */ = {isa = PBXFileReference; fileEncoding = 4; lastKnownFileType = file.xib; path = Table.xib; sourceTree = "<group>"; };
		4C9EE80A1EADE69400B9089E /* GetTimeDay.h */ = {isa = PBXFileReference; fileEncoding = 4; lastKnownFileType = sourcecode.c.h; path = GetTimeDay.h; sourceTree = "<group>"; };
		4C9EE80B1EADE69400B9089E /* GetTimeDay.m */ = {isa = PBXFileReference; fileEncoding = 4; lastKnownFileType = sourcecode.c.objc; path = GetTimeDay.m; sourceTree = "<group>"; };
		4C9EE80C1EADE69400B9089E /* HiperTimer.h */ = {isa = PBXFileReference; fileEncoding = 4; lastKnownFileType = sourcecode.c.h; path = HiperTimer.h; sourceTree = "<group>"; };
		4C9EE80D1EADE69400B9089E /* HiperTimer.m */ = {isa = PBXFileReference; fileEncoding = 4; lastKnownFileType = sourcecode.c.objc; path = HiperTimer.m; sourceTree = "<group>"; };
		4C9EE80E1EADE69400B9089E /* MK_Timer.pch */ = {isa = PBXFileReference; fileEncoding = 4; lastKnownFileType = sourcecode.c.h; path = MK_Timer.pch; sourceTree = "<group>"; };
		4C9EE80F1EADE69400B9089E /* MKCountDownTimer.h */ = {isa = PBXFileReference; fileEncoding = 4; lastKnownFileType = sourcecode.c.h; path = MKCountDownTimer.h; sourceTree = "<group>"; };
		4C9EE8101EADE69400B9089E /* MKCountDownTimer.m */ = {isa = PBXFileReference; fileEncoding = 4; lastKnownFileType = sourcecode.c.objc; path = MKCountDownTimer.m; sourceTree = "<group>"; };
		4C9EE8111EADE69400B9089E /* MKTimer.h */ = {isa = PBXFileReference; fileEncoding = 4; lastKnownFileType = sourcecode.c.h; path = MKTimer.h; sourceTree = "<group>"; };
		4C9EE8121EADE69400B9089E /* MKTimer.m */ = {isa = PBXFileReference; fileEncoding = 4; lastKnownFileType = sourcecode.c.objc; path = MKTimer.m; sourceTree = "<group>"; };
		4C9EE8131EADE69400B9089E /* README.rtf */ = {isa = PBXFileReference; fileEncoding = 4; lastKnownFileType = text.rtf; path = README.rtf; sourceTree = "<group>"; };
		4C9EE8151EADE69400B9089E /* VISA.framework */ = {isa = PBXFileReference; lastKnownFileType = wrapper.framework; path = VISA.framework; sourceTree = "<group>"; };
		4C9EE8161EADE69400B9089E /* visa.h */ = {isa = PBXFileReference; fileEncoding = 4; lastKnownFileType = sourcecode.c.h; path = visa.h; sourceTree = "<group>"; };
		4C9EE8171EADE69400B9089E /* visatype.h */ = {isa = PBXFileReference; fileEncoding = 4; lastKnownFileType = sourcecode.c.h; path = visatype.h; sourceTree = "<group>"; };
		4C9EE8181EADE69400B9089E /* vpptype.h */ = {isa = PBXFileReference; fileEncoding = 4; lastKnownFileType = sourcecode.c.h; path = vpptype.h; sourceTree = "<group>"; };
		4C9EE8301EADE79000B9089E /* CBAuth_API.h */ = {isa = PBXFileReference; fileEncoding = 4; lastKnownFileType = sourcecode.c.h; path = CBAuth_API.h; sourceTree = "<group>"; };
		4C9EE8311EADE79000B9089E /* InstantPudding_API.h */ = {isa = PBXFileReference; fileEncoding = 4; lastKnownFileType = sourcecode.c.h; path = InstantPudding_API.h; sourceTree = "<group>"; };
		4C9EE8321EADE79000B9089E /* IPSFCPost_API.h */ = {isa = PBXFileReference; fileEncoding = 4; lastKnownFileType = sourcecode.c.h; path = IPSFCPost_API.h; sourceTree = "<group>"; };
		4C9EE8331EADE79000B9089E /* libCBAuth.dylib */ = {isa = PBXFileReference; lastKnownFileType = "compiled.mach-o.dylib"; path = libCBAuth.dylib; sourceTree = "<group>"; };
		4C9EE8341EADE79000B9089E /* libInstantPudding.dylib */ = {isa = PBXFileReference; lastKnownFileType = "compiled.mach-o.dylib"; path = libInstantPudding.dylib; sourceTree = "<group>"; };
		4C9EE8351EADE79000B9089E /* libIPSFCPost.dylib */ = {isa = PBXFileReference; lastKnownFileType = "compiled.mach-o.dylib"; path = libIPSFCPost.dylib; sourceTree = "<group>"; };
		4C9EE8361EADE79000B9089E /* PDCA.h */ = {isa = PBXFileReference; fileEncoding = 4; lastKnownFileType = sourcecode.c.h; path = PDCA.h; sourceTree = "<group>"; };
		4C9EE8371EADE79000B9089E /* PDCA.m */ = {isa = PBXFileReference; fileEncoding = 4; lastKnownFileType = sourcecode.c.objc; path = PDCA.m; sourceTree = "<group>"; };
		4C9EE8441EADEE3C00B9089E /* Base */ = {isa = PBXFileReference; lastKnownFileType = file.storyboard; name = Base; path = Base.lproj/Main.storyboard; sourceTree = "<group>"; };
		4C9EE8461EADEE4A00B9089E /* ViewController.h */ = {isa = PBXFileReference; fileEncoding = 4; lastKnownFileType = sourcecode.c.h; path = ViewController.h; sourceTree = "<group>"; };
		4C9EE8471EADEE4A00B9089E /* ViewController.m */ = {isa = PBXFileReference; fileEncoding = 4; lastKnownFileType = sourcecode.c.objc; path = ViewController.m; sourceTree = "<group>"; };
		4C9EE84B1EAE020C00B9089E /* Logo.jpg */ = {isa = PBXFileReference; lastKnownFileType = image.jpeg; path = Logo.jpg; sourceTree = "<group>"; };
		4CF771891EBF5DFF0065384C /* Station_0.plist */ = {isa = PBXFileReference; fileEncoding = 4; lastKnownFileType = text.plist.xml; name = Station_0.plist; path = MK_Table/Station_0.plist; sourceTree = "<group>"; };
		4CF7718A1EBF5DFF0065384C /* Station_1.plist */ = {isa = PBXFileReference; fileEncoding = 4; lastKnownFileType = text.plist.xml; name = Station_1.plist; path = MK_Table/Station_1.plist; sourceTree = "<group>"; };
		4CF7718B1EBF5DFF0065384C /* Station_2.plist */ = {isa = PBXFileReference; fileEncoding = 4; lastKnownFileType = text.plist.xml; name = Station_2.plist; path = MK_Table/Station_2.plist; sourceTree = "<group>"; };
		4CF7718C1EBF5DFF0065384C /* Station_3.plist */ = {isa = PBXFileReference; fileEncoding = 4; lastKnownFileType = text.plist.xml; name = Station_3.plist; path = MK_Table/Station_3.plist; sourceTree = "<group>"; };
		4CFEFB4C1EBF08ED00353ABF /* AgilentDevice.h */ = {isa = PBXFileReference; fileEncoding = 4; lastKnownFileType = sourcecode.c.h; path = AgilentDevice.h; sourceTree = "<group>"; };
		4CFEFB4D1EBF08ED00353ABF /* AgilentDevice.m */ = {isa = PBXFileReference; fileEncoding = 4; lastKnownFileType = sourcecode.c.objc; path = AgilentDevice.m; sourceTree = "<group>"; };
		4CFEFB501EBF0B0700353ABF /* ftd2xx.h */ = {isa = PBXFileReference; fileEncoding = 4; lastKnownFileType = sourcecode.c.h; path = ftd2xx.h; sourceTree = "<group>"; };
		4CFEFB511EBF0B0700353ABF /* FTDI_COM.c */ = {isa = PBXFileReference; fileEncoding = 4; lastKnownFileType = sourcecode.c.c; path = FTDI_COM.c; sourceTree = "<group>"; };
		4CFEFB521EBF0B0700353ABF /* FTDI_COM.h */ = {isa = PBXFileReference; fileEncoding = 4; lastKnownFileType = sourcecode.c.h; path = FTDI_COM.h; sourceTree = "<group>"; };
		4CFEFB531EBF0B0700353ABF /* FTDI_SPI.c */ = {isa = PBXFileReference; fileEncoding = 4; lastKnownFileType = sourcecode.c.c; path = FTDI_SPI.c; sourceTree = "<group>"; };
		4CFEFB541EBF0B0700353ABF /* FTDI_SPI.h */ = {isa = PBXFileReference; fileEncoding = 4; lastKnownFileType = sourcecode.c.h; path = FTDI_SPI.h; sourceTree = "<group>"; };
		4CFEFB551EBF0B0700353ABF /* FTDI_UART.c */ = {isa = PBXFileReference; fileEncoding = 4; lastKnownFileType = sourcecode.c.c; path = FTDI_UART.c; sourceTree = "<group>"; };
		4CFEFB561EBF0B0700353ABF /* FTDI_UART.h */ = {isa = PBXFileReference; fileEncoding = 4; lastKnownFileType = sourcecode.c.h; path = FTDI_UART.h; sourceTree = "<group>"; };
		4CFEFB571EBF0B0700353ABF /* FTSPI.h */ = {isa = PBXFileReference; fileEncoding = 4; lastKnownFileType = sourcecode.c.h; path = FTSPI.h; sourceTree = "<group>"; };
		4CFEFB581EBF0B0700353ABF /* FTSPI.m */ = {isa = PBXFileReference; fileEncoding = 4; lastKnownFileType = sourcecode.c.objc; path = FTSPI.m; sourceTree = "<group>"; };
		4CFEFB591EBF0B0700353ABF /* FTUART.h */ = {isa = PBXFileReference; fileEncoding = 4; lastKnownFileType = sourcecode.c.h; path = FTUART.h; sourceTree = "<group>"; };
		4CFEFB5A1EBF0B0700353ABF /* FTUART.m */ = {isa = PBXFileReference; fileEncoding = 4; lastKnownFileType = sourcecode.c.objc; path = FTUART.m; sourceTree = "<group>"; };
		4CFEFB5B1EBF0B0700353ABF /* libftd2xx.1.2.2.dylib */ = {isa = PBXFileReference; lastKnownFileType = "compiled.mach-o.dylib"; path = libftd2xx.1.2.2.dylib; sourceTree = "<group>"; };
		4CFEFB5C1EBF0B0700353ABF /* main.c */ = {isa = PBXFileReference; fileEncoding = 4; lastKnownFileType = sourcecode.c.c; path = main.c; sourceTree = "<group>"; };
		4CFEFB5D1EBF0B0700353ABF /* SPI_Test.h */ = {isa = PBXFileReference; fileEncoding = 4; lastKnownFileType = sourcecode.c.h; path = SPI_Test.h; sourceTree = "<group>"; };
		4CFEFB5E1EBF0B0700353ABF /* SPI_Test.m */ = {isa = PBXFileReference; fileEncoding = 4; lastKnownFileType = sourcecode.c.objc; path = SPI_Test.m; sourceTree = "<group>"; };
		4CFEFB5F1EBF0B0700353ABF /* WinTypes.h */ = {isa = PBXFileReference; fileEncoding = 4; lastKnownFileType = sourcecode.c.h; path = WinTypes.h; sourceTree = "<group>"; };
		4CFEFB6D1EBF0C4000353ABF /* TypeConverter.h */ = {isa = PBXFileReference; fileEncoding = 4; lastKnownFileType = sourcecode.c.h; path = TypeConverter.h; sourceTree = "<group>"; };
		4CFEFB6E1EBF0C4000353ABF /* TypeConverter.m */ = {isa = PBXFileReference; fileEncoding = 4; lastKnownFileType = sourcecode.c.objc; path = TypeConverter.m; sourceTree = "<group>"; };
		4CFEFB711EBF0C4900353ABF /* IACSFC.h */ = {isa = PBXFileReference; fileEncoding = 4; lastKnownFileType = sourcecode.c.h; path = IACSFC.h; sourceTree = "<group>"; };
		4CFEFB721EBF0C4900353ABF /* IACSFC.m */ = {isa = PBXFileReference; fileEncoding = 4; lastKnownFileType = sourcecode.c.objc; path = IACSFC.m; sourceTree = "<group>"; };
		4CFEFB751EBF0E7100353ABF /* Common.h */ = {isa = PBXFileReference; fileEncoding = 4; lastKnownFileType = sourcecode.c.h; path = Common.h; sourceTree = "<group>"; };
		4CFEFB761EBF0E7100353ABF /* TestContext.h */ = {isa = PBXFileReference; fileEncoding = 4; lastKnownFileType = sourcecode.c.h; path = TestContext.h; sourceTree = "<group>"; };
		4CFEFB771EBF0E7100353ABF /* TestContext.mm */ = {isa = PBXFileReference; fileEncoding = 4; lastKnownFileType = sourcecode.cpp.objcpp; path = TestContext.mm; sourceTree = "<group>"; };
		4CFEFB791EBF151600353ABF /* GPIBDevice.framework */ = {isa = PBXFileReference; lastKnownFileType = wrapper.framework; path = GPIBDevice.framework; sourceTree = "<group>"; };
		4CFEFB7B1EBF152700353ABF /* GPIBDevice.h */ = {isa = PBXFileReference; lastKnownFileType = sourcecode.c.h; name = GPIBDevice.h; path = GPIBDevice.framework/Versions/A/Headers/GPIBDevice.h; sourceTree = "<group>"; };
		4CFEFB7D1EBF1BEF00353ABF /* AlertView.h */ = {isa = PBXFileReference; fileEncoding = 4; lastKnownFileType = sourcecode.c.h; path = AlertView.h; sourceTree = "<group>"; };
		4CFEFB7E1EBF1BEF00353ABF /* AlertView.m */ = {isa = PBXFileReference; fileEncoding = 4; lastKnownFileType = sourcecode.c.objc; path = AlertView.m; sourceTree = "<group>"; };
		4CFEFB7F1EBF1BEF00353ABF /* AlertWindowController.h */ = {isa = PBXFileReference; fileEncoding = 4; lastKnownFileType = sourcecode.c.h; path = AlertWindowController.h; sourceTree = "<group>"; };
		4CFEFB801EBF1BEF00353ABF /* AlertWindowController.m */ = {isa = PBXFileReference; fileEncoding = 4; lastKnownFileType = sourcecode.c.objc; path = AlertWindowController.m; sourceTree = "<group>"; };
		4CFEFB811EBF1BEF00353ABF /* AlertWindowController.xib */ = {isa = PBXFileReference; fileEncoding = 4; lastKnownFileType = file.xib; path = AlertWindowController.xib; sourceTree = "<group>"; };
		4CFEFB821EBF1BEF00353ABF /* AlertYongping.h */ = {isa = PBXFileReference; fileEncoding = 4; lastKnownFileType = sourcecode.c.h; path = AlertYongping.h; sourceTree = "<group>"; };
		4CFEFB831EBF1BEF00353ABF /* AlertYongping.m */ = {isa = PBXFileReference; fileEncoding = 4; lastKnownFileType = sourcecode.c.objc; path = AlertYongping.m; sourceTree = "<group>"; };
		C67112B41EC4EADC006975BF /* Agilent3458A.h */ = {isa = PBXFileReference; fileEncoding = 4; lastKnownFileType = sourcecode.c.h; path = Agilent3458A.h; sourceTree = "<group>"; };
		C67112B51EC4EADC006975BF /* Agilent3458A.m */ = {isa = PBXFileReference; fileEncoding = 4; lastKnownFileType = sourcecode.c.objc; path = Agilent3458A.m; sourceTree = "<group>"; };
		C67112B71EC50B1C006975BF /* Param.h */ = {isa = PBXFileReference; fileEncoding = 4; lastKnownFileType = sourcecode.c.h; path = Param.h; sourceTree = "<group>"; };
		C67112B81EC50B1C006975BF /* Param.m */ = {isa = PBXFileReference; fileEncoding = 4; lastKnownFileType = sourcecode.c.objc; path = Param.m; sourceTree = "<group>"; };
		C67112BA1EC534E5006975BF /* Agilent33210A.h */ = {isa = PBXFileReference; fileEncoding = 4; lastKnownFileType = sourcecode.c.h; path = Agilent33210A.h; sourceTree = "<group>"; };
		C67112BB1EC534E5006975BF /* Agilent33210A.m */ = {isa = PBXFileReference; fileEncoding = 4; lastKnownFileType = sourcecode.c.objc; path = Agilent33210A.m; sourceTree = "<group>"; };
		C6C611911EC0CC0200E0099D /* KeithleyDevice.h */ = {isa = PBXFileReference; fileEncoding = 4; lastKnownFileType = sourcecode.c.h; path = KeithleyDevice.h; sourceTree = "<group>"; };
		C6C611921EC0CC0200E0099D /* KeithleyDevice.m */ = {isa = PBXFileReference; fileEncoding = 4; lastKnownFileType = sourcecode.c.objc; path = KeithleyDevice.m; sourceTree = "<group>"; };
		C6C6119A1EC0ED2D00E0099D /* Macro.h */ = {isa = PBXFileReference; fileEncoding = 4; lastKnownFileType = sourcecode.c.h; path = Macro.h; sourceTree = "<group>"; };
		C6C6119D1EC0ED5000E0099D /* BYDSFCUnit.h */ = {isa = PBXFileReference; fileEncoding = 4; lastKnownFileType = sourcecode.c.h; path = BYDSFCUnit.h; sourceTree = "<group>"; };
		C6C6119E1EC0ED5000E0099D /* BYDSFCUnit.m */ = {isa = PBXFileReference; fileEncoding = 4; lastKnownFileType = sourcecode.c.objc; path = BYDSFCUnit.m; sourceTree = "<group>"; };
		C6C6119F1EC0ED5000E0099D /* TestStep.h */ = {isa = PBXFileReference; fileEncoding = 4; lastKnownFileType = sourcecode.c.h; path = TestStep.h; sourceTree = "<group>"; };
		C6C611A01EC0ED5000E0099D /* TestStep.m */ = {isa = PBXFileReference; fileEncoding = 4; lastKnownFileType = sourcecode.c.objc; path = TestStep.m; sourceTree = "<group>"; };
		C6C611A41EC0EFE500E0099D /* pudding.mm */ = {isa = PBXFileReference; fileEncoding = 4; lastKnownFileType = sourcecode.cpp.objcpp; path = pudding.mm; sourceTree = "<group>"; };
		C6C611A51EC0EFE500E0099D /* pudding.h */ = {isa = PBXFileReference; fileEncoding = 4; lastKnownFileType = sourcecode.c.h; path = pudding.h; sourceTree = "<group>"; };
		C6C611A91EC0F1A300E0099D /* BYDSFCManager.h */ = {isa = PBXFileReference; fileEncoding = 4; lastKnownFileType = sourcecode.c.h; path = BYDSFCManager.h; sourceTree = "<group>"; };
		C6C611AA1EC0F1A300E0099D /* PlistFile.h */ = {isa = PBXFileReference; fileEncoding = 4; lastKnownFileType = sourcecode.c.h; path = PlistFile.h; sourceTree = "<group>"; };
		C6C611AB1EC0F1A300E0099D /* PlistFile.m */ = {isa = PBXFileReference; fileEncoding = 4; lastKnownFileType = sourcecode.c.objc; path = PlistFile.m; sourceTree = "<group>"; };
		C6C611AD1EC0F20B00E0099D /* TimeDate.h */ = {isa = PBXFileReference; fileEncoding = 4; lastKnownFileType = sourcecode.c.h; path = TimeDate.h; sourceTree = "<group>"; };
		C6C611AE1EC0F20B00E0099D /* TimeDate.m */ = {isa = PBXFileReference; fileEncoding = 4; lastKnownFileType = sourcecode.c.objc; path = TimeDate.m; sourceTree = "<group>"; };
/* End PBXFileReference section */

/* Begin PBXFrameworksBuildPhase section */
		4C9EE7B01EADE57000B9089E /* Frameworks */ = {
			isa = PBXFrameworksBuildPhase;
			buildActionMask = 2147483647;
			files = (
				4C9EE8391EADE79000B9089E /* libInstantPudding.dylib in Frameworks */,
				4C9EE82E1EADE69400B9089E /* VISA.framework in Frameworks */,
				4C9EE83A1EADE79000B9089E /* libIPSFCPost.dylib in Frameworks */,
				4CFEFB651EBF0B0700353ABF /* libftd2xx.1.2.2.dylib in Frameworks */,
				4CFEFB7A1EBF151600353ABF /* GPIBDevice.framework in Frameworks */,
				4C9EE8381EADE79000B9089E /* libCBAuth.dylib in Frameworks */,
			);
			runOnlyForDeploymentPostprocessing = 0;
		};
		4C9EE7C61EADE57100B9089E /* Frameworks */ = {
			isa = PBXFrameworksBuildPhase;
			buildActionMask = 2147483647;
			files = (
			);
			runOnlyForDeploymentPostprocessing = 0;
		};
		4C9EE7D11EADE57100B9089E /* Frameworks */ = {
			isa = PBXFrameworksBuildPhase;
			buildActionMask = 2147483647;
			files = (
			);
			runOnlyForDeploymentPostprocessing = 0;
		};
/* End PBXFrameworksBuildPhase section */

/* Begin PBXGroup section */
		4C6F3F921EBD81DE002C747E /* StationControl */ = {
			isa = PBXGroup;
			children = (
				4C6F3F931EBD822B002C747E /* StationControlWindow.h */,
				4C6F3F941EBD822B002C747E /* StationControlWindow.m */,
				4C6F3F951EBD822B002C747E /* StationControlWindow.xib */,
				4C6F3FB31EBDB417002C747E /* LoginWindow.h */,
				4C6F3FB41EBDB417002C747E /* LoginWindow.m */,
				4C6F3FB51EBDB417002C747E /* LoginWindow.xib */,
				4C6F3FB81EBDB63D002C747E /* UserLogin.plist */,
			);
			path = StationControl;
			sourceTree = "<group>";
		};
		4C82EE221EB04D4B00BAA7A3 /* SerialPort */ = {
			isa = PBXGroup;
			children = (
				4C6F3F911EBC0D5D002C747E /* SerialPortPCH.pch */,
				4C82EE251EB04D4B00BAA7A3 /* SerialPort.h */,
				4C82EE261EB04D4B00BAA7A3 /* SerialPort.m */,
				4C82EE271EB04D4B00BAA7A3 /* SerialPort.xib */,
				4C82EE281EB04D4B00BAA7A3 /* SerialPortDelegate.h */,
				4C82EE291EB04D4B00BAA7A3 /* SerialPortDelegate.m */,
				4C82EE2A1EB04D4B00BAA7A3 /* SerialPortList.h */,
				4C82EE2B1EB04D4B00BAA7A3 /* SerialPortList.m */,
			);
			path = SerialPort;
			sourceTree = "<group>";
		};
		4C82EE311EB04D5A00BAA7A3 /* PACSocket */ = {
			isa = PBXGroup;
			children = (
				4C82EE321EB04D5A00BAA7A3 /* CPACSocket.h */,
				4C82EE331EB04D5A00BAA7A3 /* CPACSocket.mm */,
				4C82EE341EB04D5A00BAA7A3 /* GCDAsyncSocket.h */,
				4C82EE351EB04D5A00BAA7A3 /* GCDAsyncSocket.m */,
				4C82EE361EB04D5A00BAA7A3 /* PACSocketDebug.xib */,
				4C82EE371EB04D5A00BAA7A3 /* PACSocketDebugWinDelegate.h */,
				4C82EE381EB04D5A00BAA7A3 /* PACSocketDebugWinDelegate.mm */,
				4C82EE391EB04D5A00BAA7A3 /* TCPClient.h */,
				4C82EE3A1EB04D5A00BAA7A3 /* TCPClient.mm */,
			);
			path = PACSocket;
			sourceTree = "<group>";
		};
		4C9EE7AA1EADE57000B9089E = {
			isa = PBXGroup;
			children = (
				4C9EE7B51EADE57000B9089E /* Emerald_Measure */,
				4C9EE7CC1EADE57100B9089E /* Emerald_MeasureTests */,
				4C9EE7D71EADE57100B9089E /* Emerald_MeasureUITests */,
				4C9EE7B41EADE57000B9089E /* Products */,
			);
			sourceTree = "<group>";
		};
		4C9EE7B41EADE57000B9089E /* Products */ = {
			isa = PBXGroup;
			children = (
				4C9EE7B31EADE57000B9089E /* Emerald_Measure.app */,
				4C9EE7C91EADE57100B9089E /* Emerald_MeasureTests.xctest */,
				4C9EE7D41EADE57100B9089E /* Emerald_MeasureUITests.xctest */,
			);
			name = Products;
			sourceTree = "<group>";
		};
		4C9EE7B51EADE57000B9089E /* Emerald_Measure */ = {
			isa = PBXGroup;
			children = (
				4CFEFB7C1EBF1BEF00353ABF /* Alert */,
				4CFEFB741EBF0E7100353ABF /* Global */,
				4CFEFB6C1EBF0C4000353ABF /* TyperConverter */,
				4C9EE8141EADE69400B9089E /* Visa */,
				4CFEFB4F1EBF0B0700353ABF /* FTDI */,
				4CFEFB4B1EBF08ED00353ABF /* Device */,
				4C6F3F921EBD81DE002C747E /* StationControl */,
				4C82EE311EB04D5A00BAA7A3 /* PACSocket */,
				4C82EE221EB04D4B00BAA7A3 /* SerialPort */,
				4CFEFB701EBF0C4900353ABF /* SFC */,
				4C9EE82F1EADE79000B9089E /* PDCA */,
				4C9EE7EF1EADE69400B9089E /* MK_Alert */,
				4C9EE7F41EADE69400B9089E /* MK_File */,
				4C9EE7FD1EADE69400B9089E /* MK_Table */,
				4C9EE8091EADE69400B9089E /* MK_Timer */,
				4C9EE8461EADEE4A00B9089E /* ViewController.h */,
				4C9EE8471EADEE4A00B9089E /* ViewController.m */,
				4C9EE7B61EADE57000B9089E /* AppDelegate.h */,
				4C9EE7B71EADE57000B9089E /* AppDelegate.m */,
				4C9EE8431EADEE3C00B9089E /* Main.storyboard */,
				4C9EE7E61EADE62F00B9089E /* Others */,
				4C9EE7B91EADE57000B9089E /* Supporting Files */,
			);
			path = Emerald_Measure;
			sourceTree = "<group>";
		};
		4C9EE7B91EADE57000B9089E /* Supporting Files */ = {
			isa = PBXGroup;
			children = (
				C6C6119A1EC0ED2D00E0099D /* Macro.h */,
				4C9EE7BA1EADE57000B9089E /* main.m */,
			);
			name = "Supporting Files";
			sourceTree = "<group>";
		};
		4C9EE7CC1EADE57100B9089E /* Emerald_MeasureTests */ = {
			isa = PBXGroup;
			children = (
				4C9EE7CD1EADE57100B9089E /* Emerald_MeasureTests.m */,
				4C9EE7CF1EADE57100B9089E /* Info.plist */,
			);
			path = Emerald_MeasureTests;
			sourceTree = "<group>";
		};
		4C9EE7D71EADE57100B9089E /* Emerald_MeasureUITests */ = {
			isa = PBXGroup;
			children = (
				4C9EE7D81EADE57100B9089E /* Emerald_MeasureUITests.m */,
				4C9EE7DA1EADE57100B9089E /* Info.plist */,
			);
			path = Emerald_MeasureUITests;
			sourceTree = "<group>";
		};
		4C9EE7E61EADE62F00B9089E /* Others */ = {
			isa = PBXGroup;
			children = (
				4C9EE84B1EAE020C00B9089E /* Logo.jpg */,
				4C9EE7BF1EADE57100B9089E /* Assets.xcassets */,
				4C3FFAD91EC69BD70099DA97 /* Param.plist */,
				4CF771891EBF5DFF0065384C /* Station_0.plist */,
				4CF7718A1EBF5DFF0065384C /* Station_1.plist */,
				4CF7718B1EBF5DFF0065384C /* Station_2.plist */,
				4CF7718C1EBF5DFF0065384C /* Station_3.plist */,
				4C9EE7C41EADE57100B9089E /* Info.plist */,
			);
			name = Others;
			sourceTree = "<group>";
		};
		4C9EE7EF1EADE69400B9089E /* MK_Alert */ = {
			isa = PBXGroup;
			children = (
				4C9EE7F21EADE69400B9089E /* MK_Alert.pch */,
				4C9EE7F01EADE69400B9089E /* Alert.h */,
				4C9EE7F11EADE69400B9089E /* Alert.m */,
				4C9EE7F31EADE69400B9089E /* README.rtf */,
			);
			path = MK_Alert;
			sourceTree = "<group>";
		};
		4C9EE7F41EADE69400B9089E /* MK_File */ = {
			isa = PBXGroup;
			children = (
				4C9EE7F51EADE69400B9089E /* MK_File.pch */,
				4C9EE7F61EADE69400B9089E /* MK_FileCSV.h */,
				4C9EE7F71EADE69400B9089E /* MK_FileCSV.m */,
				4C9EE7F81EADE69400B9089E /* MK_FileFolder.h */,
				4C9EE7F91EADE69400B9089E /* MK_FileFolder.m */,
				4C9EE7FA1EADE69400B9089E /* MK_FileTXT.h */,
				4C9EE7FB1EADE69400B9089E /* MK_FileTXT.m */,
				4C9EE7FC1EADE69400B9089E /* README.rtf */,
			);
			path = MK_File;
			sourceTree = "<group>";
		};
		4C9EE7FD1EADE69400B9089E /* MK_Table */ = {
			isa = PBXGroup;
			children = (
				C67112B71EC50B1C006975BF /* Param.h */,
				C67112B81EC50B1C006975BF /* Param.m */,
				4C9EE8001EADE69400B9089E /* MK_Table.pch */,
				4C9EE7FE1EADE69400B9089E /* Item.h */,
				4C9EE7FF1EADE69400B9089E /* Item.m */,
				4C9EE8021EADE69400B9089E /* Plist.h */,
				4C9EE8031EADE69400B9089E /* Plist.m */,
				4C9EE8041EADE69400B9089E /* README.rtf */,
				4C9EE8051EADE69400B9089E /* Table.h */,
				4C9EE8061EADE69400B9089E /* Table.m */,
				4C9EE8071EADE69400B9089E /* Table.xib */,
				C6C611A91EC0F1A300E0099D /* BYDSFCManager.h */,
				C6C611AA1EC0F1A300E0099D /* PlistFile.h */,
				C6C611AB1EC0F1A300E0099D /* PlistFile.m */,
			);
			path = MK_Table;
			sourceTree = "<group>";
		};
		4C9EE8091EADE69400B9089E /* MK_Timer */ = {
			isa = PBXGroup;
			children = (
				4C9EE80E1EADE69400B9089E /* MK_Timer.pch */,
				4C9EE80A1EADE69400B9089E /* GetTimeDay.h */,
				4C9EE80B1EADE69400B9089E /* GetTimeDay.m */,
				4C9EE80C1EADE69400B9089E /* HiperTimer.h */,
				4C9EE80D1EADE69400B9089E /* HiperTimer.m */,
				4C9EE8111EADE69400B9089E /* MKTimer.h */,
				4C9EE8121EADE69400B9089E /* MKTimer.m */,
				4C9EE80F1EADE69400B9089E /* MKCountDownTimer.h */,
				4C9EE8101EADE69400B9089E /* MKCountDownTimer.m */,
				4C9EE8131EADE69400B9089E /* README.rtf */,
				C6C611AD1EC0F20B00E0099D /* TimeDate.h */,
				C6C611AE1EC0F20B00E0099D /* TimeDate.m */,
			);
			path = MK_Timer;
			sourceTree = "<group>";
		};
		4C9EE8141EADE69400B9089E /* Visa */ = {
			isa = PBXGroup;
			children = (
				4C9EE8151EADE69400B9089E /* VISA.framework */,
				4C9EE8161EADE69400B9089E /* visa.h */,
				4C9EE8171EADE69400B9089E /* visatype.h */,
				4C9EE8181EADE69400B9089E /* vpptype.h */,
			);
			path = Visa;
			sourceTree = "<group>";
		};
		4C9EE82F1EADE79000B9089E /* PDCA */ = {
			isa = PBXGroup;
			children = (
				4C9EE8301EADE79000B9089E /* CBAuth_API.h */,
				4C9EE8311EADE79000B9089E /* InstantPudding_API.h */,
				4C9EE8321EADE79000B9089E /* IPSFCPost_API.h */,
				4C9EE8331EADE79000B9089E /* libCBAuth.dylib */,
				4C9EE8341EADE79000B9089E /* libInstantPudding.dylib */,
				4C9EE8351EADE79000B9089E /* libIPSFCPost.dylib */,
				C6C611A41EC0EFE500E0099D /* pudding.mm */,
				C6C611A51EC0EFE500E0099D /* pudding.h */,
				4C9EE8361EADE79000B9089E /* PDCA.h */,
				4C9EE8371EADE79000B9089E /* PDCA.m */,
			);
			path = PDCA;
			sourceTree = "<group>";
		};
		4CFEFB4B1EBF08ED00353ABF /* Device */ = {
			isa = PBXGroup;
			children = (
				4CFEFB791EBF151600353ABF /* GPIBDevice.framework */,
				4CFEFB7B1EBF152700353ABF /* GPIBDevice.h */,
				C67112B41EC4EADC006975BF /* Agilent3458A.h */,
				C67112B51EC4EADC006975BF /* Agilent3458A.m */,
				4CFEFB4C1EBF08ED00353ABF /* AgilentDevice.h */,
				4CFEFB4D1EBF08ED00353ABF /* AgilentDevice.m */,
				C6C611911EC0CC0200E0099D /* KeithleyDevice.h */,
				C6C611921EC0CC0200E0099D /* KeithleyDevice.m */,
				C67112BA1EC534E5006975BF /* Agilent33210A.h */,
				C67112BB1EC534E5006975BF /* Agilent33210A.m */,
			);
			path = Device;
			sourceTree = "<group>";
		};
		4CFEFB4F1EBF0B0700353ABF /* FTDI */ = {
			isa = PBXGroup;
			children = (
				4CFEFB501EBF0B0700353ABF /* ftd2xx.h */,
				4CFEFB511EBF0B0700353ABF /* FTDI_COM.c */,
				4CFEFB521EBF0B0700353ABF /* FTDI_COM.h */,
				4CFEFB531EBF0B0700353ABF /* FTDI_SPI.c */,
				4CFEFB541EBF0B0700353ABF /* FTDI_SPI.h */,
				4CFEFB551EBF0B0700353ABF /* FTDI_UART.c */,
				4CFEFB561EBF0B0700353ABF /* FTDI_UART.h */,
				4CFEFB571EBF0B0700353ABF /* FTSPI.h */,
				4CFEFB581EBF0B0700353ABF /* FTSPI.m */,
				4CFEFB591EBF0B0700353ABF /* FTUART.h */,
				4CFEFB5A1EBF0B0700353ABF /* FTUART.m */,
				4CFEFB5B1EBF0B0700353ABF /* libftd2xx.1.2.2.dylib */,
				4CFEFB5C1EBF0B0700353ABF /* main.c */,
				4CFEFB5D1EBF0B0700353ABF /* SPI_Test.h */,
				4CFEFB5E1EBF0B0700353ABF /* SPI_Test.m */,
				4CFEFB5F1EBF0B0700353ABF /* WinTypes.h */,
			);
			path = FTDI;
			sourceTree = "<group>";
		};
		4CFEFB6C1EBF0C4000353ABF /* TyperConverter */ = {
			isa = PBXGroup;
			children = (
				4CFEFB6D1EBF0C4000353ABF /* TypeConverter.h */,
				4CFEFB6E1EBF0C4000353ABF /* TypeConverter.m */,
			);
			path = TyperConverter;
			sourceTree = "<group>";
		};
		4CFEFB701EBF0C4900353ABF /* SFC */ = {
			isa = PBXGroup;
			children = (
				4C3FFADD1EC69C590099DA97 /* BYDSFCManager.h */,
				4C3FFADB1EC69C2D0099DA97 /* BYDSFCManager.m */,
				C6C6119D1EC0ED5000E0099D /* BYDSFCUnit.h */,
				C6C6119E1EC0ED5000E0099D /* BYDSFCUnit.m */,
				C6C6119F1EC0ED5000E0099D /* TestStep.h */,
				C6C611A01EC0ED5000E0099D /* TestStep.m */,
				4CFEFB711EBF0C4900353ABF /* IACSFC.h */,
				4CFEFB721EBF0C4900353ABF /* IACSFC.m */,
			);
			path = SFC;
			sourceTree = "<group>";
		};
		4CFEFB741EBF0E7100353ABF /* Global */ = {
			isa = PBXGroup;
			children = (
				4CFEFB751EBF0E7100353ABF /* Common.h */,
				4CFEFB761EBF0E7100353ABF /* TestContext.h */,
				4CFEFB771EBF0E7100353ABF /* TestContext.mm */,
			);
			path = Global;
			sourceTree = "<group>";
		};
		4CFEFB7C1EBF1BEF00353ABF /* Alert */ = {
			isa = PBXGroup;
			children = (
				4CFEFB7D1EBF1BEF00353ABF /* AlertView.h */,
				4CFEFB7E1EBF1BEF00353ABF /* AlertView.m */,
				4CFEFB7F1EBF1BEF00353ABF /* AlertWindowController.h */,
				4CFEFB801EBF1BEF00353ABF /* AlertWindowController.m */,
				4CFEFB811EBF1BEF00353ABF /* AlertWindowController.xib */,
				4CFEFB821EBF1BEF00353ABF /* AlertYongping.h */,
				4CFEFB831EBF1BEF00353ABF /* AlertYongping.m */,
			);
			path = Alert;
			sourceTree = "<group>";
		};
/* End PBXGroup section */

/* Begin PBXNativeTarget section */
		4C9EE7B21EADE57000B9089E /* Emerald_Measure */ = {
			isa = PBXNativeTarget;
			buildConfigurationList = 4C9EE7DD1EADE57100B9089E /* Build configuration list for PBXNativeTarget "Emerald_Measure" */;
			buildPhases = (
				4C9EE7AF1EADE57000B9089E /* Sources */,
				4C9EE7B01EADE57000B9089E /* Frameworks */,
				4C9EE7B11EADE57000B9089E /* Resources */,
			);
			buildRules = (
			);
			dependencies = (
			);
			name = Emerald_Measure;
			productName = Emerald_Measure;
			productReference = 4C9EE7B31EADE57000B9089E /* Emerald_Measure.app */;
			productType = "com.apple.product-type.application";
		};
		4C9EE7C81EADE57100B9089E /* Emerald_MeasureTests */ = {
			isa = PBXNativeTarget;
			buildConfigurationList = 4C9EE7E01EADE57100B9089E /* Build configuration list for PBXNativeTarget "Emerald_MeasureTests" */;
			buildPhases = (
				4C9EE7C51EADE57100B9089E /* Sources */,
				4C9EE7C61EADE57100B9089E /* Frameworks */,
				4C9EE7C71EADE57100B9089E /* Resources */,
			);
			buildRules = (
			);
			dependencies = (
				4C9EE7CB1EADE57100B9089E /* PBXTargetDependency */,
			);
			name = Emerald_MeasureTests;
			productName = Emerald_MeasureTests;
			productReference = 4C9EE7C91EADE57100B9089E /* Emerald_MeasureTests.xctest */;
			productType = "com.apple.product-type.bundle.unit-test";
		};
		4C9EE7D31EADE57100B9089E /* Emerald_MeasureUITests */ = {
			isa = PBXNativeTarget;
			buildConfigurationList = 4C9EE7E31EADE57100B9089E /* Build configuration list for PBXNativeTarget "Emerald_MeasureUITests" */;
			buildPhases = (
				4C9EE7D01EADE57100B9089E /* Sources */,
				4C9EE7D11EADE57100B9089E /* Frameworks */,
				4C9EE7D21EADE57100B9089E /* Resources */,
			);
			buildRules = (
			);
			dependencies = (
				4C9EE7D61EADE57100B9089E /* PBXTargetDependency */,
			);
			name = Emerald_MeasureUITests;
			productName = Emerald_MeasureUITests;
			productReference = 4C9EE7D41EADE57100B9089E /* Emerald_MeasureUITests.xctest */;
			productType = "com.apple.product-type.bundle.ui-testing";
		};
/* End PBXNativeTarget section */

/* Begin PBXProject section */
		4C9EE7AB1EADE57000B9089E /* Project object */ = {
			isa = PBXProject;
			attributes = {
				LastUpgradeCheck = 0730;
				ORGANIZATIONNAME = michael;
				TargetAttributes = {
					4C9EE7B21EADE57000B9089E = {
						CreatedOnToolsVersion = 7.3;
					};
					4C9EE7C81EADE57100B9089E = {
						CreatedOnToolsVersion = 7.3;
						TestTargetID = 4C9EE7B21EADE57000B9089E;
					};
					4C9EE7D31EADE57100B9089E = {
						CreatedOnToolsVersion = 7.3;
						TestTargetID = 4C9EE7B21EADE57000B9089E;
					};
				};
			};
			buildConfigurationList = 4C9EE7AE1EADE57000B9089E /* Build configuration list for PBXProject "Emerald_Measure" */;
			compatibilityVersion = "Xcode 3.2";
			developmentRegion = English;
			hasScannedForEncodings = 0;
			knownRegions = (
				en,
				Base,
			);
			mainGroup = 4C9EE7AA1EADE57000B9089E;
			productRefGroup = 4C9EE7B41EADE57000B9089E /* Products */;
			projectDirPath = "";
			projectRoot = "";
			targets = (
				4C9EE7B21EADE57000B9089E /* Emerald_Measure */,
				4C9EE7C81EADE57100B9089E /* Emerald_MeasureTests */,
				4C9EE7D31EADE57100B9089E /* Emerald_MeasureUITests */,
			);
		};
/* End PBXProject section */

/* Begin PBXResourcesBuildPhase section */
		4C9EE7B11EADE57000B9089E /* Resources */ = {
			isa = PBXResourcesBuildPhase;
			buildActionMask = 2147483647;
			files = (
				4C9EE7C01EADE57100B9089E /* Assets.xcassets in Resources */,
				4C6F3FB91EBDB63D002C747E /* UserLogin.plist in Resources */,
				4C6F3FB71EBDB417002C747E /* LoginWindow.xib in Resources */,
				4CF7718E1EBF5DFF0065384C /* Station_1.plist in Resources */,
				4C9EE84C1EAE020C00B9089E /* Logo.jpg in Resources */,
				4C3FFADA1EC69BD70099DA97 /* Param.plist in Resources */,
				4CF771901EBF5DFF0065384C /* Station_3.plist in Resources */,
				4C82EE2E1EB04D4B00BAA7A3 /* SerialPort.xib in Resources */,
				4C9EE81D1EADE69400B9089E /* README.rtf in Resources */,
				4CF7718F1EBF5DFF0065384C /* Station_2.plist in Resources */,
				4C9EE8211EADE69400B9089E /* README.rtf in Resources */,
				4C9EE82D1EADE69400B9089E /* README.rtf in Resources */,
				4C82EE3D1EB04D5A00BAA7A3 /* PACSocketDebug.xib in Resources */,
				4CF7718D1EBF5DFF0065384C /* Station_0.plist in Resources */,
				4C9EE8251EADE69400B9089E /* README.rtf in Resources */,
				4C9EE8451EADEE3C00B9089E /* Main.storyboard in Resources */,
				4CFEFB861EBF1BEF00353ABF /* AlertWindowController.xib in Resources */,
				4C9EE8271EADE69400B9089E /* Table.xib in Resources */,
				4C6F3F971EBD822B002C747E /* StationControlWindow.xib in Resources */,
			);
			runOnlyForDeploymentPostprocessing = 0;
		};
		4C9EE7C71EADE57100B9089E /* Resources */ = {
			isa = PBXResourcesBuildPhase;
			buildActionMask = 2147483647;
			files = (
			);
			runOnlyForDeploymentPostprocessing = 0;
		};
		4C9EE7D21EADE57100B9089E /* Resources */ = {
			isa = PBXResourcesBuildPhase;
			buildActionMask = 2147483647;
			files = (
			);
			runOnlyForDeploymentPostprocessing = 0;
		};
/* End PBXResourcesBuildPhase section */

/* Begin PBXSourcesBuildPhase section */
		4C9EE7AF1EADE57000B9089E /* Sources */ = {
			isa = PBXSourcesBuildPhase;
			buildActionMask = 2147483647;
			files = (
				4C82EE3E1EB04D5A00BAA7A3 /* PACSocketDebugWinDelegate.mm in Sources */,
				4C82EE3B1EB04D5A00BAA7A3 /* CPACSocket.mm in Sources */,
				4C9EE8481EADEE4A00B9089E /* ViewController.m in Sources */,
				4CFEFB601EBF0B0700353ABF /* FTDI_COM.c in Sources */,
				4C6F3F961EBD822B002C747E /* StationControlWindow.m in Sources */,
				4CFEFB631EBF0B0700353ABF /* FTSPI.m in Sources */,
				4C9EE8201EADE69400B9089E /* MK_FileTXT.m in Sources */,
				4C9EE82A1EADE69400B9089E /* HiperTimer.m in Sources */,
				C67112B61EC4EADC006975BF /* Agilent3458A.m in Sources */,
				4CFEFB4E1EBF08ED00353ABF /* AgilentDevice.m in Sources */,
				4CFEFB611EBF0B0700353ABF /* FTDI_SPI.c in Sources */,
				4CFEFB781EBF0E7100353ABF /* TestContext.mm in Sources */,
				C6C611941EC0CC0200E0099D /* KeithleyDevice.m in Sources */,
				4C9EE82C1EADE69400B9089E /* MKTimer.m in Sources */,
				4C9EE83B1EADE79000B9089E /* PDCA.m in Sources */,
				C6C611AC1EC0F1A300E0099D /* PlistFile.m in Sources */,
				4C3FFADC1EC69C2D0099DA97 /* BYDSFCManager.m in Sources */,
				4C9EE81E1EADE69400B9089E /* MK_FileCSV.m in Sources */,
				4CFEFB671EBF0B0700353ABF /* SPI_Test.m in Sources */,
				C6C611A21EC0ED5000E0099D /* BYDSFCUnit.m in Sources */,
				4C82EE2F1EB04D4B00BAA7A3 /* SerialPortDelegate.m in Sources */,
				4C6F3FB61EBDB417002C747E /* LoginWindow.m in Sources */,
				C6C611A61EC0EFE500E0099D /* pudding.mm in Sources */,
				4C9EE7BB1EADE57000B9089E /* main.m in Sources */,
				C6C611AF1EC0F20B00E0099D /* TimeDate.m in Sources */,
				4C82EE3F1EB04D5A00BAA7A3 /* TCPClient.mm in Sources */,
				4CFEFB871EBF1BEF00353ABF /* AlertYongping.m in Sources */,
				4C9EE82B1EADE69400B9089E /* MKCountDownTimer.m in Sources */,
				4C9EE8261EADE69400B9089E /* Table.m in Sources */,
				4C82EE3C1EB04D5A00BAA7A3 /* GCDAsyncSocket.m in Sources */,
				4C9EE8241EADE69400B9089E /* Plist.m in Sources */,
				4C9EE8291EADE69400B9089E /* GetTimeDay.m in Sources */,
				4CFEFB621EBF0B0700353ABF /* FTDI_UART.c in Sources */,
				4C82EE301EB04D4B00BAA7A3 /* SerialPortList.m in Sources */,
				4CFEFB851EBF1BEF00353ABF /* AlertWindowController.m in Sources */,
				4C82EE2D1EB04D4B00BAA7A3 /* SerialPort.m in Sources */,
				4CFEFB731EBF0C4900353ABF /* IACSFC.m in Sources */,
				4C9EE81C1EADE69400B9089E /* Alert.m in Sources */,
				4CFEFB6F1EBF0C4000353ABF /* TypeConverter.m in Sources */,
				4C9EE8221EADE69400B9089E /* Item.m in Sources */,
				C67112B91EC50B1C006975BF /* Param.m in Sources */,
				4CFEFB661EBF0B0700353ABF /* main.c in Sources */,
				4CFEFB641EBF0B0700353ABF /* FTUART.m in Sources */,
				4CFEFB841EBF1BEF00353ABF /* AlertView.m in Sources */,
				C6C611A31EC0ED5000E0099D /* TestStep.m in Sources */,
				C67112BC1EC534E5006975BF /* Agilent33210A.m in Sources */,
				4C9EE7B81EADE57000B9089E /* AppDelegate.m in Sources */,
				4C9EE81F1EADE69400B9089E /* MK_FileFolder.m in Sources */,
			);
			runOnlyForDeploymentPostprocessing = 0;
		};
		4C9EE7C51EADE57100B9089E /* Sources */ = {
			isa = PBXSourcesBuildPhase;
			buildActionMask = 2147483647;
			files = (
				4C9EE7CE1EADE57100B9089E /* Emerald_MeasureTests.m in Sources */,
			);
			runOnlyForDeploymentPostprocessing = 0;
		};
		4C9EE7D01EADE57100B9089E /* Sources */ = {
			isa = PBXSourcesBuildPhase;
			buildActionMask = 2147483647;
			files = (
				4C9EE7D91EADE57100B9089E /* Emerald_MeasureUITests.m in Sources */,
			);
			runOnlyForDeploymentPostprocessing = 0;
		};
/* End PBXSourcesBuildPhase section */

/* Begin PBXTargetDependency section */
		4C9EE7CB1EADE57100B9089E /* PBXTargetDependency */ = {
			isa = PBXTargetDependency;
			target = 4C9EE7B21EADE57000B9089E /* Emerald_Measure */;
			targetProxy = 4C9EE7CA1EADE57100B9089E /* PBXContainerItemProxy */;
		};
		4C9EE7D61EADE57100B9089E /* PBXTargetDependency */ = {
			isa = PBXTargetDependency;
			target = 4C9EE7B21EADE57000B9089E /* Emerald_Measure */;
			targetProxy = 4C9EE7D51EADE57100B9089E /* PBXContainerItemProxy */;
		};
/* End PBXTargetDependency section */

/* Begin PBXVariantGroup section */
		4C9EE8431EADEE3C00B9089E /* Main.storyboard */ = {
			isa = PBXVariantGroup;
			children = (
				4C9EE8441EADEE3C00B9089E /* Base */,
			);
			name = Main.storyboard;
			sourceTree = "<group>";
		};
/* End PBXVariantGroup section */

/* Begin XCBuildConfiguration section */
		4C9EE7DB1EADE57100B9089E /* Debug */ = {
			isa = XCBuildConfiguration;
			buildSettings = {
				ALWAYS_SEARCH_USER_PATHS = NO;
				CLANG_ANALYZER_NONNULL = YES;
				CLANG_CXX_LANGUAGE_STANDARD = "gnu++0x";
				CLANG_CXX_LIBRARY = "libc++";
				CLANG_ENABLE_MODULES = YES;
				CLANG_ENABLE_OBJC_ARC = YES;
				CLANG_WARN_BOOL_CONVERSION = YES;
				CLANG_WARN_CONSTANT_CONVERSION = YES;
				CLANG_WARN_DIRECT_OBJC_ISA_USAGE = YES_ERROR;
				CLANG_WARN_EMPTY_BODY = YES;
				CLANG_WARN_ENUM_CONVERSION = YES;
				CLANG_WARN_INT_CONVERSION = YES;
				CLANG_WARN_OBJC_ROOT_CLASS = YES_ERROR;
				CLANG_WARN_UNREACHABLE_CODE = YES;
				CLANG_WARN__DUPLICATE_METHOD_MATCH = YES;
				CODE_SIGN_IDENTITY = "-";
				COPY_PHASE_STRIP = NO;
				DEBUG_INFORMATION_FORMAT = dwarf;
				ENABLE_STRICT_OBJC_MSGSEND = YES;
				ENABLE_TESTABILITY = YES;
				GCC_C_LANGUAGE_STANDARD = gnu99;
				GCC_DYNAMIC_NO_PIC = NO;
				GCC_NO_COMMON_BLOCKS = YES;
				GCC_OPTIMIZATION_LEVEL = 0;
				GCC_PREPROCESSOR_DEFINITIONS = (
					"DEBUG=1",
					"$(inherited)",
				);
				GCC_WARN_64_TO_32_BIT_CONVERSION = YES;
				GCC_WARN_ABOUT_RETURN_TYPE = YES_ERROR;
				GCC_WARN_UNDECLARED_SELECTOR = YES;
				GCC_WARN_UNINITIALIZED_AUTOS = YES_AGGRESSIVE;
				GCC_WARN_UNUSED_FUNCTION = YES;
				GCC_WARN_UNUSED_VARIABLE = YES;
				MACOSX_DEPLOYMENT_TARGET = 10.12;
				MTL_ENABLE_DEBUG_INFO = YES;
				ONLY_ACTIVE_ARCH = YES;
				SDKROOT = macosx;
			};
			name = Debug;
		};
		4C9EE7DC1EADE57100B9089E /* Release */ = {
			isa = XCBuildConfiguration;
			buildSettings = {
				ALWAYS_SEARCH_USER_PATHS = NO;
				CLANG_ANALYZER_NONNULL = YES;
				CLANG_CXX_LANGUAGE_STANDARD = "gnu++0x";
				CLANG_CXX_LIBRARY = "libc++";
				CLANG_ENABLE_MODULES = YES;
				CLANG_ENABLE_OBJC_ARC = YES;
				CLANG_WARN_BOOL_CONVERSION = YES;
				CLANG_WARN_CONSTANT_CONVERSION = YES;
				CLANG_WARN_DIRECT_OBJC_ISA_USAGE = YES_ERROR;
				CLANG_WARN_EMPTY_BODY = YES;
				CLANG_WARN_ENUM_CONVERSION = YES;
				CLANG_WARN_INT_CONVERSION = YES;
				CLANG_WARN_OBJC_ROOT_CLASS = YES_ERROR;
				CLANG_WARN_UNREACHABLE_CODE = YES;
				CLANG_WARN__DUPLICATE_METHOD_MATCH = YES;
				CODE_SIGN_IDENTITY = "-";
				COPY_PHASE_STRIP = NO;
				DEBUG_INFORMATION_FORMAT = "dwarf-with-dsym";
				ENABLE_NS_ASSERTIONS = NO;
				ENABLE_STRICT_OBJC_MSGSEND = YES;
				GCC_C_LANGUAGE_STANDARD = gnu99;
				GCC_NO_COMMON_BLOCKS = YES;
				GCC_WARN_64_TO_32_BIT_CONVERSION = YES;
				GCC_WARN_ABOUT_RETURN_TYPE = YES_ERROR;
				GCC_WARN_UNDECLARED_SELECTOR = YES;
				GCC_WARN_UNINITIALIZED_AUTOS = YES_AGGRESSIVE;
				GCC_WARN_UNUSED_FUNCTION = YES;
				GCC_WARN_UNUSED_VARIABLE = YES;
				MACOSX_DEPLOYMENT_TARGET = 10.12;
				MTL_ENABLE_DEBUG_INFO = NO;
				SDKROOT = macosx;
			};
			name = Release;
		};
		4C9EE7DE1EADE57100B9089E /* Debug */ = {
			isa = XCBuildConfiguration;
			buildSettings = {
				ASSETCATALOG_COMPILER_APPICON_NAME = AppIcon;
				COMBINE_HIDPI_IMAGES = YES;
				FRAMEWORK_SEARCH_PATHS = (
					"$(inherited)",
					"$(PROJECT_DIR)/Emerald_Measure/Visa",
					"$(PROJECT_DIR)/Emerald_Measure/Device",
				);
				INFOPLIST_FILE = Emerald_Measure/Info.plist;
				LD_RUNPATH_SEARCH_PATHS = "$(inherited) @executable_path/../Frameworks";
				LIBRARY_SEARCH_PATHS = (
					"$(inherited)",
					"$(PROJECT_DIR)/Emerald_Measure/PDCA",
					"$(PROJECT_DIR)/Emerald_Measure/FTDI",
				);
				MACOSX_DEPLOYMENT_TARGET = 10.11;
				PRODUCT_BUNDLE_IDENTIFIER = "michael.Emerald-Measure";
				PRODUCT_NAME = "$(TARGET_NAME)";
			};
			name = Debug;
		};
		4C9EE7DF1EADE57100B9089E /* Release */ = {
			isa = XCBuildConfiguration;
			buildSettings = {
				ASSETCATALOG_COMPILER_APPICON_NAME = AppIcon;
				COMBINE_HIDPI_IMAGES = YES;
				FRAMEWORK_SEARCH_PATHS = (
					"$(inherited)",
					"$(PROJECT_DIR)/Emerald_Measure/Visa",
					"$(PROJECT_DIR)/Emerald_Measure/Device",
				);
				INFOPLIST_FILE = Emerald_Measure/Info.plist;
				LD_RUNPATH_SEARCH_PATHS = "$(inherited) @executable_path/../Frameworks";
				LIBRARY_SEARCH_PATHS = (
					"$(inherited)",
					"$(PROJECT_DIR)/Emerald_Measure/PDCA",
					"$(PROJECT_DIR)/Emerald_Measure/FTDI",
				);
				MACOSX_DEPLOYMENT_TARGET = 10.11;
				PRODUCT_BUNDLE_IDENTIFIER = "michael.Emerald-Measure";
				PRODUCT_NAME = "$(TARGET_NAME)";
			};
			name = Release;
		};
		4C9EE7E11EADE57100B9089E /* Debug */ = {
			isa = XCBuildConfiguration;
			buildSettings = {
				BUNDLE_LOADER = "$(TEST_HOST)";
				COMBINE_HIDPI_IMAGES = YES;
				INFOPLIST_FILE = Emerald_MeasureTests/Info.plist;
				LD_RUNPATH_SEARCH_PATHS = "$(inherited) @executable_path/../Frameworks @loader_path/../Frameworks";
				PRODUCT_BUNDLE_IDENTIFIER = "michael.Emerald-MeasureTests";
				PRODUCT_NAME = "$(TARGET_NAME)";
				TEST_HOST = "$(BUILT_PRODUCTS_DIR)/Emerald_Measure.app/Contents/MacOS/Emerald_Measure";
			};
			name = Debug;
		};
		4C9EE7E21EADE57100B9089E /* Release */ = {
			isa = XCBuildConfiguration;
			buildSettings = {
				BUNDLE_LOADER = "$(TEST_HOST)";
				COMBINE_HIDPI_IMAGES = YES;
				INFOPLIST_FILE = Emerald_MeasureTests/Info.plist;
				LD_RUNPATH_SEARCH_PATHS = "$(inherited) @executable_path/../Frameworks @loader_path/../Frameworks";
				PRODUCT_BUNDLE_IDENTIFIER = "michael.Emerald-MeasureTests";
				PRODUCT_NAME = "$(TARGET_NAME)";
				TEST_HOST = "$(BUILT_PRODUCTS_DIR)/Emerald_Measure.app/Contents/MacOS/Emerald_Measure";
			};
			name = Release;
		};
		4C9EE7E41EADE57100B9089E /* Debug */ = {
			isa = XCBuildConfiguration;
			buildSettings = {
				COMBINE_HIDPI_IMAGES = YES;
				INFOPLIST_FILE = Emerald_MeasureUITests/Info.plist;
				LD_RUNPATH_SEARCH_PATHS = "$(inherited) @executable_path/../Frameworks @loader_path/../Frameworks";
				PRODUCT_BUNDLE_IDENTIFIER = "michael.Emerald-MeasureUITests";
				PRODUCT_NAME = "$(TARGET_NAME)";
				TEST_TARGET_NAME = Emerald_Measure;
			};
			name = Debug;
		};
		4C9EE7E51EADE57100B9089E /* Release */ = {
			isa = XCBuildConfiguration;
			buildSettings = {
				COMBINE_HIDPI_IMAGES = YES;
				INFOPLIST_FILE = Emerald_MeasureUITests/Info.plist;
				LD_RUNPATH_SEARCH_PATHS = "$(inherited) @executable_path/../Frameworks @loader_path/../Frameworks";
				PRODUCT_BUNDLE_IDENTIFIER = "michael.Emerald-MeasureUITests";
				PRODUCT_NAME = "$(TARGET_NAME)";
				TEST_TARGET_NAME = Emerald_Measure;
			};
			name = Release;
		};
/* End XCBuildConfiguration section */

/* Begin XCConfigurationList section */
		4C9EE7AE1EADE57000B9089E /* Build configuration list for PBXProject "Emerald_Measure" */ = {
			isa = XCConfigurationList;
			buildConfigurations = (
				4C9EE7DB1EADE57100B9089E /* Debug */,
				4C9EE7DC1EADE57100B9089E /* Release */,
			);
			defaultConfigurationIsVisible = 0;
			defaultConfigurationName = Release;
		};
		4C9EE7DD1EADE57100B9089E /* Build configuration list for PBXNativeTarget "Emerald_Measure" */ = {
			isa = XCConfigurationList;
			buildConfigurations = (
				4C9EE7DE1EADE57100B9089E /* Debug */,
				4C9EE7DF1EADE57100B9089E /* Release */,
			);
			defaultConfigurationIsVisible = 0;
			defaultConfigurationName = Release;
		};
		4C9EE7E01EADE57100B9089E /* Build configuration list for PBXNativeTarget "Emerald_MeasureTests" */ = {
			isa = XCConfigurationList;
			buildConfigurations = (
				4C9EE7E11EADE57100B9089E /* Debug */,
				4C9EE7E21EADE57100B9089E /* Release */,
			);
			defaultConfigurationIsVisible = 0;
			defaultConfigurationName = Release;
		};
		4C9EE7E31EADE57100B9089E /* Build configuration list for PBXNativeTarget "Emerald_MeasureUITests" */ = {
			isa = XCConfigurationList;
			buildConfigurations = (
				4C9EE7E41EADE57100B9089E /* Debug */,
				4C9EE7E51EADE57100B9089E /* Release */,
			);
			defaultConfigurationIsVisible = 0;
			defaultConfigurationName = Release;
		};
/* End XCConfigurationList section */
	};
	rootObject = 4C9EE7AB1EADE57000B9089E /* Project object */;
}
